{
  "name": "jsdoc2md-testbed",
  "version": "0.0.8",
  "lockfileVersion": 3,
  "requires": true,
  "packages": {
    "": {
      "name": "jsdoc2md-testbed",
      "version": "0.0.8",
      "license": "MIT",
      "dependencies": {
        "jsdoc-to-markdown": "file:../jsdoc-to-markdown"
      },
      "bin": {
        "testbed": "bin/cli.mjs"
      },
      "devDependencies": {
        "array-back": "^6.2.2",
        "config-master": "^3.1.0",
        "dmd-bitbucket": "~0.1.10",
        "work": "^0.7.1"
      },
      "engines": {
        "node": ">=12"
      }
    },
    "../jsdoc-to-markdown": {
      "version": "8.0.3",
      "license": "MIT",
      "dependencies": {
        "array-back": "^6.2.2",
        "command-line-tool": "^0.8.0",
        "config-master": "^3.1.0",
        "dmd": "^6.2.3",
        "jsdoc-api": "next",
        "jsdoc-parse": "^6.2.1",
        "walk-back": "^5.1.1"
      },
      "bin": {
        "jsdoc2md": "bin/cli.js"
      },
      "devDependencies": {
        "test-runner": "^0.10.1"
      },
      "engines": {
        "node": ">=20"
      }
    },
    "node_modules/array-back": {
      "version": "6.2.2",
      "resolved": "https://registry.npmjs.org/array-back/-/array-back-6.2.2.tgz",
      "integrity": "sha512-gUAZ7HPyb4SJczXAMUXMGAvI976JoK3qEx9v1FTmeYuJj0IBiaKttG1ydtGKdkfqWkIkouke7nG8ufGy77+Cvw==",
      "dev": true,
      "license": "MIT",
      "engines": {
        "node": ">=12.17"
      }
    },
    "node_modules/composite-class": {
      "version": "2.0.1",
      "resolved": "https://registry.npmjs.org/composite-class/-/composite-class-2.0.1.tgz",
      "integrity": "sha512-zEUaKe0wIkAMonjQPZPm4w7aylosaMjqGpHynYT2V05q02I93CWfBxp3kV2iB7anvc/aDvCJN36FzFco3c788A==",
      "dev": true,
      "license": "MIT",
      "engines": {
        "node": ">=10"
      }
    },
    "node_modules/config-master": {
      "version": "3.1.0",
      "resolved": "https://registry.npmjs.org/config-master/-/config-master-3.1.0.tgz",
      "integrity": "sha512-n7LBL1zBzYdTpF1mx5DNcZnZn05CWIdsdvtPL4MosvqbBUK3Rq6VWEtGUuF3Y0s9/CIhMejezqlSkP6TnCJ/9g==",
      "dev": true,
      "license": "MIT",
      "dependencies": {
        "walk-back": "^2.0.1"
      }
    },
    "node_modules/create-mixin": {
      "version": "3.0.0",
      "resolved": "https://registry.npmjs.org/create-mixin/-/create-mixin-3.0.0.tgz",
      "integrity": "sha512-LkdMqnWT9LaqBN4huqpUnMz56Yr1mVSoCduAd2xXefgH/YZP2sXCMAyztXjk4q8hTF/TlcDa+zQW2aTgGdjjKQ==",
      "dev": true,
      "license": "MIT",
      "engines": {
        "node": ">=10"
      }
    },
    "node_modules/dmd-bitbucket": {
      "version": "0.1.10",
      "resolved": "https://registry.npmjs.org/dmd-bitbucket/-/dmd-bitbucket-0.1.10.tgz",
      "integrity": "sha512-mWXbQgJVWFDB78Hzw9MYPObv6j4z6f38Zx7f7Zyb3lr+9OhcbpUOKwOos3RWI3h6ClWmVz3BYiwC227IyLqEcQ==",
      "dev": true,
      "license": "MIT",
      "engines": {
        "node": ">=0.10.0"
      }
    },
    "node_modules/fsm-base": {
      "version": "0.6.0",
      "resolved": "https://registry.npmjs.org/fsm-base/-/fsm-base-0.6.0.tgz",
      "integrity": "sha512-nAd6axh42gKsKNwFUZThoMLfeRqS7XmkSzTfOFNK1wLfbXdFCkt+D3NZfpyuMFcpCiS3SosnroNw0/arpHrvDA==",
      "dev": true,
      "license": "MIT",
      "dependencies": {
        "array-back": "^4.0.1",
        "obso": "^0.6.0",
        "reduce-flatten": "^3.0.0"
      },
      "engines": {
        "node": ">=10"
      }
    },
    "node_modules/fsm-base/node_modules/array-back": {
      "version": "4.0.2",
      "resolved": "https://registry.npmjs.org/array-back/-/array-back-4.0.2.tgz",
      "integrity": "sha512-NbdMezxqf94cnNfWLL7V/im0Ub+Anbb0IoZhvzie8+4HJ4nMQuzHuy49FkGYCJK2yAloZ3meiB6AVMClbrI1vg==",
      "dev": true,
      "license": "MIT",
      "engines": {
        "node": ">=8"
      }
    },
    "node_modules/jsdoc-to-markdown": {
      "resolved": "../jsdoc-to-markdown",
      "link": true
    },
    "node_modules/obso": {
      "version": "0.6.0",
      "resolved": "https://registry.npmjs.org/obso/-/obso-0.6.0.tgz",
      "integrity": "sha512-VEgWrXZNw5H8aXCuyXjEP1ngwCtI4iG75ipzZNMd23GVmmzSvA8xs1AzupkYz9Cp35Uu4d+BTTEmvEJ3tSkcWQ==",
      "dev": true,
      "license": "MIT",
      "engines": {
        "node": ">=8"
      }
    },
    "node_modules/reduce-flatten": {
      "version": "3.0.1",
      "resolved": "https://registry.npmjs.org/reduce-flatten/-/reduce-flatten-3.0.1.tgz",
      "integrity": "sha512-bYo+97BmUUOzg09XwfkwALt4PQH1M5L0wzKerBt6WLm3Fhdd43mMS89HiT1B9pJIqko/6lWx3OnV4J9f2Kqp5Q==",
      "dev": true,
      "license": "MIT",
      "engines": {
        "node": ">=8"
      }
    },
    "node_modules/typical": {
      "version": "6.0.1",
      "resolved": "https://registry.npmjs.org/typical/-/typical-6.0.1.tgz",
      "integrity": "sha512-+g3NEp7fJLe9DPa1TArHm9QAA7YciZmWnfAqEaFrBihQ7epOv9i99rjtgb6Iz0wh3WuQDjsCTDfgRoGnmHN81A==",
      "dev": true,
      "license": "MIT",
      "engines": {
        "node": ">=10"
      }
    },
    "node_modules/walk-back": {
      "version": "2.0.1",
      "resolved": "https://registry.npmjs.org/walk-back/-/walk-back-2.0.1.tgz",
      "integrity": "sha512-Nb6GvBR8UWX1D+Le+xUq0+Q1kFmRBIWVrfLnQAOmcpEzA9oAxwJ9gIr36t9TWYfzvWRvuMtjHiVsJYEkXWaTAQ==",
      "dev": true,
      "license": "MIT",
      "engines": {
        "node": ">=0.10.0"
      }
    },
    "node_modules/work": {
      "version": "0.7.1",
      "resolved": "https://registry.npmjs.org/work/-/work-0.7.1.tgz",
      "integrity": "sha512-vgGI1oSz92hCGTBH3S6MCik/ngEQavbQ8XbMifrLrpI2UiDaBHH6bvugAfzwDU4Po8hYz1K/cXQ6gxR9BbDeRw==",
      "dev": true,
      "license": "MIT",
      "dependencies": {
        "array-back": "^4.0.1",
        "composite-class": "^2.0.1",
        "create-mixin": "^3.0.0",
        "fsm-base": "^0.6.0",
        "obso": "^0.6.0",
        "typical": "^6.0.1"
      },
      "engines": {
        "node": ">=10"
      }
    },
    "node_modules/work/node_modules/array-back": {
      "version": "4.0.2",
      "resolved": "https://registry.npmjs.org/array-back/-/array-back-4.0.2.tgz",
      "integrity": "sha512-NbdMezxqf94cnNfWLL7V/im0Ub+Anbb0IoZhvzie8+4HJ4nMQuzHuy49FkGYCJK2yAloZ3meiB6AVMClbrI1vg==",
      "dev": true,
      "license": "MIT",
      "engines": {
        "node": ">=8"
      }
    }
  }
}
